
Microsoft Visual Studio Solution File, Format Version 12.00
# Visual Studio 14
VisualStudioVersion = 14.0.24720.0
MinimumVisualStudioVersion = 10.0.40219.1
Project("{FAE04EC0-301F-11D3-BF4B-00C04F79EFBC}") = "ConsoleApplication29", "ConsoleApplication29.csproj", "{DDD65497-851E-4922-A24E-094AF44CC84D}"
EndProject
Global
	GlobalSection(SolutionConfigurationPlatforms) = preSolution
		Debug|Any CPU = Debug|Any CPU
		Release|Any CPU = Release|Any CPU
	EndGlobalSection
	GlobalSection(ProjectConfigurationPlatforms) = postSolution
		{DDD65497-851E-4922-A24E-094AF44CC84D}.Debug|Any CPU.ActiveCfg = Debug|Any CPU
		{DDD65497-851E-4922-A24E-094AF44CC84D}.Debug|Any CPU.Build.0 = Debug|Any CPU
		{DDD65497-851E-4922-A24E-094AF44CC84D}.Release|Any CPU.ActiveCfg = Release|Any CPU
		{DDD65497-851E-4922-A24E-094AF44CC84D}.Release|Any CPU.Build.0 = Release|Any CPU
	EndGlobalSection
	GlobalSection(SolutionProperties) = preSolution
		HideSolutionNode = FALSE
	EndGlobalSection
EndGlobal
